
Microsoft Visual Studio Solution File, Format Version 12.00
# Visual Studio 2013
VisualStudioVersion = 12.0.30110.0
MinimumVisualStudioVersion = 10.0.40219.1
Project("{8BC9CEB8-8B4A-11D0-8D11-00A0C91BC942}") = "libwallet", "libwallet.vcxproj", "{45FCB5AB-9F13-4E62-82AB-5E197018A31D}"
EndProject
Project("{8BC9CEB8-8B4A-11D0-8D11-00A0C91BC942}") = "libwallet_examples", "..\examples\libwallet_examples.vcxproj", "{C3AD9980-16EC-470F-859F-006971CB632A}"
	ProjectSection(ProjectDependencies) = postProject
		{45FCB5AB-9F13-4E62-82AB-5E197018A31D} = {45FCB5AB-9F13-4E62-82AB-5E197018A31D}
	EndProjectSection
EndProject
Global
	GlobalSection(SolutionConfigurationPlatforms) = preSolution
		Debug|Win32 = Debug|Win32
		Release|Win32 = Release|Win32
	EndGlobalSection
	GlobalSection(ProjectConfigurationPlatforms) = postSolution
		{45FCB5AB-9F13-4E62-82AB-5E197018A31D}.Debug|Win32.ActiveCfg = Debug|Win32
		{45FCB5AB-9F13-4E62-82AB-5E197018A31D}.Debug|Win32.Build.0 = Debug|Win32
		{45FCB5AB-9F13-4E62-82AB-5E197018A31D}.Release|Win32.ActiveCfg = Release|Win32
		{45FCB5AB-9F13-4E62-82AB-5E197018A31D}.Release|Win32.Build.0 = Release|Win32
		{C3AD9980-16EC-470F-859F-006971CB632A}.Debug|Win32.ActiveCfg = Debug|Win32
		{C3AD9980-16EC-470F-859F-006971CB632A}.Debug|Win32.Build.0 = Debug|Win32
		{C3AD9980-16EC-470F-859F-006971CB632A}.Release|Win32.ActiveCfg = Release|Win32
		{C3AD9980-16EC-470F-859F-006971CB632A}.Release|Win32.Build.0 = Release|Win32
	EndGlobalSection
	GlobalSection(SolutionProperties) = preSolution
		HideSolutionNode = FALSE
	EndGlobalSection
EndGlobal
